<?xml version="1.0" encoding="utf-8"?>
<Project ToolsVersion="15.0" xmlns="http://schemas.microsoft.com/developer/msbuild/2003">
  <ItemGroup>
    <Filter Include="Source Files">
      <UniqueIdentifier>{4FC737F1-C7A5-4376-A066-2A32D752A2FF}</UniqueIdentifier>
      <Extensions>cpp;c;cc;cxx;def;odl;idl;hpj;bat;asm;asmx</Extensions>
    </Filter>
    <Filter Include="Resource Files">
      <UniqueIdentifier>{67DA6AB6-F800-4c08-8B7A-83BB121AAD01}</UniqueIdentifier>
      <Extensions>rc;ico;cur;bmp;dlg;rc2;rct;bin;rgs;gif;jpg;jpeg;jpe;resx;tiff;tif;png;wav;mfcribbon-ms</Extensions>
    </Filter>
    <Filter Include="Shaders">
      <UniqueIdentifier>{06dcf987-d5c3-489b-aa0a-88d547a323d5}</UniqueIdentifier>
    </Filter>
    <Filter Include="Shaders\comp">
      <UniqueIdentifier>{255604d3-af1a-4bba-8ed6-18adbf2478c4}</UniqueIdentifier>
    </Filter>
    <Filter Include="ScreenSpaceReflections">
      <UniqueIdentifier>{094835e5-3288-487a-823c-24d28099336a}</UniqueIdentifier>
    </Filter>
    <Filter Include="Shaders\ScreenSpaceReflections">
      <UniqueIdentifier>{f158ae47-d9e4-4ca2-b58e-fa069591575e}</UniqueIdentifier>
    </Filter>
  </ItemGroup>
  <ItemGroup>
    <ClCompile Include="Main.cpp">
      <Filter>Source Files</Filter>
    </ClCompile>
    <ClCompile Include="pch.cpp" />
    <ClCompile Include="ScreenSpaceReflections\ScreenSpaceReflections.cpp">
      <Filter>ScreenSpaceReflections</Filter>
    </ClCompile>
  </ItemGroup>
  <ItemGroup>
    <ClInclude Include="pch.h" />
    <ClInclude Include="ScreenSpaceReflections\ScreenSpaceReflections.h">
      <Filter>ScreenSpaceReflections</Filter>
    </ClInclude>
  </ItemGroup>
  <ItemGroup>
    <Image Include="Logo.png">
      <Filter>Resource Files</Filter>
    </Image>
    <Image Include="Logo44.png">
      <Filter>Resource Files</Filter>
    </Image>
    <Image Include="SmallLogo.png">
      <Filter>Resource Files</Filter>
    </Image>
    <Image Include="SplashScreen.png">
      <Filter>Resource Files</Filter>
    </Image>
    <Image Include="StoreLogo.png">
      <Filter>Resource Files</Filter>
    </Image>
    <Image Include="WideLogo.png">
      <Filter>Resource Files</Filter>
    </Image>
  </ItemGroup>
  <ItemGroup>
    <None Include="packages.config" />
  </ItemGroup>
  <ItemGroup>
    <FxCompile Include="Shaders\comp\DepthDownsample.hlsl">
      <Filter>Shaders\comp</Filter>
    </FxCompile>
    <FxCompile Include="Shaders\comp\generateMips.hlsl">
      <Filter>Shaders\comp</Filter>
    </FxCompile>
    <FxCompile Include="Shaders\comp\IrradianceMap.hlsl">
      <Filter>Shaders\comp</Filter>
    </FxCompile>
    <FxCompile Include="Shaders\comp\panoToCube.hlsl">
      <Filter>Shaders\comp</Filter>
    </FxCompile>
    <FxCompile Include="Shaders\comp\SpecularMap.hlsl">
      <Filter>Shaders\comp</Filter>
    </FxCompile>
    <FxCompile Include="Shaders\comp\BRDFIntegration.hlsl">
      <Filter>Shaders\comp</Filter>
    </FxCompile>
    <FxCompile Include="Shaders\comp\copyDepth.hlsl">
      <Filter>Shaders\comp</Filter>
    </FxCompile>
    <FxCompile Include="Shaders\SkyPS.hlsl">
      <Filter>Shaders</Filter>
    </FxCompile>
    <FxCompile Include="Shaders\SkyVS.hlsl">
      <Filter>Shaders</Filter>
    </FxCompile>
    <FxCompile Include="Shaders\QuadVS.hlsl">
      <Filter>Shaders</Filter>
    </FxCompile>
    <FxCompile Include="Shaders\FxaaPS.hlsl">
      <Filter>Shaders</Filter>
    </FxCompile>
    <FxCompile Include="Shaders\ScreenSpaceReflections\renderSceneBRDFVS.hlsl">
      <Filter>Shaders\ScreenSpaceReflections</Filter>
    </FxCompile>
    <FxCompile Include="Shaders\ScreenSpaceReflections\renderSceneBRDFPS.hlsl">
      <Filter>Shaders\ScreenSpaceReflections</Filter>
    </FxCompile>
    <FxCompile Include="Shaders\ScreenSpaceReflections\renderHolepatchingPS.hlsl">
      <Filter>Shaders\ScreenSpaceReflections</Filter>
    </FxCompile>
    <FxCompile Include="Shaders\ScreenSpaceReflections\FillGbuffersPS.hlsl">
      <Filter>Shaders\ScreenSpaceReflections</Filter>
    </FxCompile>
    <FxCompile Include="Shaders\ScreenSpaceReflections\FillGbuffersVS.hlsl">
      <Filter>Shaders\ScreenSpaceReflections</Filter>
    </FxCompile>
  </ItemGroup>
</Project>